<?xml version="1.0" encoding="utf-8"?>
<Project ToolsVersion="4.0" xmlns="http://schemas.microsoft.com/developer/msbuild/2003">
  <ItemGroup>
    <Filter Include="源文件">
      <UniqueIdentifier>{4FC737F1-C7A5-4376-A066-2A32D752A2FF}</UniqueIdentifier>
      <Extensions>cpp;c;cc;cxx;c++;cppm;ixx;def;odl;idl;hpj;bat;asm;asmx</Extensions>
    </Filter>
    <Filter Include="头文件">
      <UniqueIdentifier>{93995380-89BD-4b04-88EB-625FBE52EBFB}</UniqueIdentifier>
      <Extensions>h;hh;hpp;hxx;h++;hm;inl;inc;ipp;xsd</Extensions>
    </Filter>
    <Filter Include="资源文件">
      <UniqueIdentifier>{67DA6AB6-F800-4c08-8B7A-83BB121AAD01}</UniqueIdentifier>
      <Extensions>rc;ico;cur;bmp;dlg;rc2;rct;bin;rgs;gif;jpg;jpeg;jpe;resx;tiff;tif;png;wav;mfcribbon-ms</Extensions>
    </Filter>
    <Filter Include="framework">
      <UniqueIdentifier>{d8054775-f4db-44fc-9e1f-6d874876e07d}</UniqueIdentifier>
    </Filter>
    <Filter Include="framework\core">
      <UniqueIdentifier>{bbb414b7-d0c8-41bf-93a3-03511213b114}</UniqueIdentifier>
    </Filter>
    <Filter Include="framework\interface">
      <UniqueIdentifier>{96ae293e-5eeb-49fe-b08e-377fb07e3974}</UniqueIdentifier>
    </Filter>
    <Filter Include="framework\platform">
      <UniqueIdentifier>{e57afc2e-50cb-41a6-b3dd-f224c1370d49}</UniqueIdentifier>
    </Filter>
    <Filter Include="framework\utils">
      <UniqueIdentifier>{24b8f005-35de-45a7-878f-2a1297750d54}</UniqueIdentifier>
    </Filter>
    <Filter Include="framework\driver_demos">
      <UniqueIdentifier>{0d2c7d8d-1da4-471f-8495-86bb2c709bf9}</UniqueIdentifier>
    </Filter>
  </ItemGroup>
  <ItemGroup>
    <ClCompile Include="..\main.cpp">
      <Filter>源文件</Filter>
    </ClCompile>
    <ClCompile Include="..\..\source\framework\core\device_manager.c">
      <Filter>framework\core</Filter>
    </ClCompile>
    <ClCompile Include="..\..\source\driver_demos\driver_uart_debug.c">
      <Filter>framework\driver_demos</Filter>
    </ClCompile>
    <ClCompile Include="..\..\source\framework\platform\platform.c">
      <Filter>framework\platform</Filter>
    </ClCompile>
    <ClCompile Include="..\..\source\driver_demos\driver_iic_bus01.c">
      <Filter>framework\driver_demos</Filter>
    </ClCompile>
    <ClCompile Include="..\..\source\driver_demos\driver_iic_eeprom_at24c01.c">
      <Filter>framework\driver_demos</Filter>
    </ClCompile>
  </ItemGroup>
  <ItemGroup>
    <ClInclude Include="..\..\source\framework\core\device.h">
      <Filter>framework\core</Filter>
    </ClInclude>
    <ClInclude Include="..\..\source\framework\core\device_bus.h">
      <Filter>framework\core</Filter>
    </ClInclude>
    <ClInclude Include="..\..\source\framework\core\device_error.h">
      <Filter>framework\core</Filter>
    </ClInclude>
    <ClInclude Include="..\..\source\framework\core\device_macro.h">
      <Filter>framework\core</Filter>
    </ClInclude>
    <ClInclude Include="..\..\source\framework\core\device_manager.h">
      <Filter>framework\core</Filter>
    </ClInclude>
    <ClInclude Include="..\..\source\framework\core\device_state.h">
      <Filter>framework\core</Filter>
    </ClInclude>
    <ClInclude Include="..\..\source\framework\core\device_type.h">
      <Filter>framework\core</Filter>
    </ClInclude>
    <ClInclude Include="..\..\source\framework\core\types.h">
      <Filter>framework\core</Filter>
    </ClInclude>
    <ClInclude Include="..\..\source\driver_demos\driver_uart_debug.h">
      <Filter>framework\driver_demos</Filter>
    </ClInclude>
    <ClInclude Include="..\..\source\framework\interface\interface.h">
      <Filter>framework\interface</Filter>
    </ClInclude>
    <ClInclude Include="..\..\source\framework\platform\platform.h">
      <Filter>framework\platform</Filter>
    </ClInclude>
    <ClInclude Include="..\..\source\framework\utils\list_head.h">
      <Filter>framework\utils</Filter>
    </ClInclude>
    <ClInclude Include="..\..\source\driver_demos\driver_iic_bus01.h">
      <Filter>framework\driver_demos</Filter>
    </ClInclude>
    <ClInclude Include="..\..\source\driver_demos\driver_iic_eeprom_at24c01.h">
      <Filter>framework\driver_demos</Filter>
    </ClInclude>
    <ClInclude Include="..\..\source\framework\interface\device_driver_spi.h">
      <Filter>framework\interface</Filter>
    </ClInclude>
    <ClInclude Include="..\..\source\framework\interface\device_driver_iic.h">
      <Filter>framework\interface</Filter>
    </ClInclude>
    <ClInclude Include="..\..\source\framework\interface\device_driver_uart.h">
      <Filter>framework\interface</Filter>
    </ClInclude>
    <ClInclude Include="..\..\source\framework\interface\device_driver_eeprom.h">
      <Filter>framework\interface</Filter>
    </ClInclude>
  </ItemGroup>
</Project>